github.com/Jaxx0/go_math v1.0.0 h1:OnwN8gH16rb2W6KgpvscaPG2tSpq4jh1/KuCWarfGF4=
github.com/Jaxx0/go_math v1.0.0/go.mod h1:xS22wMzMmvykXx4tGnfQuOot2vaDOoP5cXWmR4MBB6w=
github.com/Jaxx0/go_math v1.0.1 h1:OnwN8gH16rb2W6KgpvscaPG2tSpq4jh1/KuCWarfGF4=
github.com/Jaxx0/go_math v1.0.1/go.mod h1:xS22wMzMmvykXx4tGnfQuOot2vaDOoP5cXWmR4MBB6w=
github.com/Jaxx0/go_math v1.0.2 h1:aTclPcyivZq2aBi3V0ybGzZNWBHg+q80kwPHNO9J1Fg=
github.com/Jaxx0/go_math v1.0.2/go.mod h1:xS22wMzMmvykXx4tGnfQuOot2vaDOoP5cXWmR4MBB6w=
github.com/Jaxx0/go_math v1.1.0 h1:/UNpaRuxVxmJUkCPI8biFE//arj5JyzNERfV8ANJEao=
github.com/Jaxx0/go_math v1.1.0/go.mod h1:xS22wMzMmvykXx4tGnfQuOot2vaDOoP5cXWmR4MBB6w=
github.com/Jaxx0/go_math/v2 v2.0.0 h1:pArTUcA/YNGbhuMChgeKMER4wgNWosjcg//vZWvys/w=
github.com/Jaxx0/go_math/v2 v2.0.0/go.mod h1:Jzr7pREnEOVTGrLKq28lyY4AtLfVvVZbQX+x6uHtXqM=
